Microsoft Visual Studio Solution File, Format Version 12.00
# Visual Studio Version 17
VisualStudioVersion = 17.5.2.0
MinimumVisualStudioVersion = 10.0.40219.1
Project("{FAE04EC0-301F-11D3-BF4B-00C04F79EFBC}") = "ShapeDifference", "ShapeDifference.csproj", "{DB49EFE3-1B81-44C2-4841-AD5746AD3691}"
EndProject
Global
	GlobalSection(SolutionConfigurationPlatforms) = preSolution
		Debug|Any CPU = Debug|Any CPU
		Release|Any CPU = Release|Any CPU
	EndGlobalSection
	GlobalSection(ProjectConfigurationPlatforms) = postSolution
		{DB49EFE3-1B81-44C2-4841-AD5746AD3691}.Debug|Any CPU.ActiveCfg = Debug|Any CPU
		{DB49EFE3-1B81-44C2-4841-AD5746AD3691}.Debug|Any CPU.Build.0 = Debug|Any CPU
		{DB49EFE3-1B81-44C2-4841-AD5746AD3691}.Release|Any CPU.ActiveCfg = Release|Any CPU
		{DB49EFE3-1B81-44C2-4841-AD5746AD3691}.Release|Any CPU.Build.0 = Release|Any CPU
	EndGlobalSection
	GlobalSection(SolutionProperties) = preSolution
		HideSolutionNode = FALSE
	EndGlobalSection
	GlobalSection(ExtensibilityGlobals) = postSolution
		SolutionGuid = {A5650DA5-D723-41A5-9216-B3F1D9E76881}
	EndGlobalSection
EndGlobal
